
Microsoft Visual Studio Solution File, Format Version 12.00
# Visual Studio Version 17
VisualStudioVersion = 17.9.34622.214
MinimumVisualStudioVersion = 10.0.40219.1
Project("{FAE04EC0-301F-11D3-BF4B-00C04F79EFBC}") = "Examen7133933", "Examen7133933\Examen7133933.csproj", "{8F13061D-42EB-446B-960B-D98AC911AF4F}"
EndProject
Global
	GlobalSection(SolutionConfigurationPlatforms) = preSolution
		Debug|Any CPU = Debug|Any CPU
		Release|Any CPU = Release|Any CPU
	EndGlobalSection
	GlobalSection(ProjectConfigurationPlatforms) = postSolution
		{8F13061D-42EB-446B-960B-D98AC911AF4F}.Debug|Any CPU.ActiveCfg = Debug|Any CPU
		{8F13061D-42EB-446B-960B-D98AC911AF4F}.Debug|Any CPU.Build.0 = Debug|Any CPU
		{8F13061D-42EB-446B-960B-D98AC911AF4F}.Release|Any CPU.ActiveCfg = Release|Any CPU
		{8F13061D-42EB-446B-960B-D98AC911AF4F}.Release|Any CPU.Build.0 = Release|Any CPU
	EndGlobalSection
	GlobalSection(SolutionProperties) = preSolution
		HideSolutionNode = FALSE
	EndGlobalSection
	GlobalSection(ExtensibilityGlobals) = postSolution
		SolutionGuid = {8DC8FEC5-A160-4E87-9CAB-745BD782D99D}
	EndGlobalSection
EndGlobal
